
Microsoft Visual Studio Solution File, Format Version 12.00
# Visual Studio Version 17
VisualStudioVersion = 17.8.34316.72
MinimumVisualStudioVersion = 10.0.40219.1
Project("{FAE04EC0-301F-11D3-BF4B-00C04F79EFBC}") = "MoviesProject.API", "MoviesProject.API\MoviesProject.API.csproj", "{19B90F14-34F0-4A88-A803-750011AAC588}"
EndProject
Project("{FAE04EC0-301F-11D3-BF4B-00C04F79EFBC}") = "MoviesProject.Application", "MoviesProject.Application\MoviesProject.Application.csproj", "{992F6A91-77CC-4C7F-B95E-54B984164FBF}"
EndProject
Project("{FAE04EC0-301F-11D3-BF4B-00C04F79EFBC}") = "MoviesProject.Contracts", "MoviesProject.Contracts\MoviesProject.Contracts.csproj", "{8CAF89FE-7DEB-441D-980E-EEF330B7192B}"
EndProject
Global
	GlobalSection(SolutionConfigurationPlatforms) = preSolution
		Debug|Any CPU = Debug|Any CPU
		Release|Any CPU = Release|Any CPU
	EndGlobalSection
	GlobalSection(ProjectConfigurationPlatforms) = postSolution
		{19B90F14-34F0-4A88-A803-750011AAC588}.Debug|Any CPU.ActiveCfg = Debug|Any CPU
		{19B90F14-34F0-4A88-A803-750011AAC588}.Debug|Any CPU.Build.0 = Debug|Any CPU
		{19B90F14-34F0-4A88-A803-750011AAC588}.Release|Any CPU.ActiveCfg = Release|Any CPU
		{19B90F14-34F0-4A88-A803-750011AAC588}.Release|Any CPU.Build.0 = Release|Any CPU
		{992F6A91-77CC-4C7F-B95E-54B984164FBF}.Debug|Any CPU.ActiveCfg = Debug|Any CPU
		{992F6A91-77CC-4C7F-B95E-54B984164FBF}.Debug|Any CPU.Build.0 = Debug|Any CPU
		{992F6A91-77CC-4C7F-B95E-54B984164FBF}.Release|Any CPU.ActiveCfg = Release|Any CPU
		{992F6A91-77CC-4C7F-B95E-54B984164FBF}.Release|Any CPU.Build.0 = Release|Any CPU
		{8CAF89FE-7DEB-441D-980E-EEF330B7192B}.Debug|Any CPU.ActiveCfg = Debug|Any CPU
		{8CAF89FE-7DEB-441D-980E-EEF330B7192B}.Debug|Any CPU.Build.0 = Debug|Any CPU
		{8CAF89FE-7DEB-441D-980E-EEF330B7192B}.Release|Any CPU.ActiveCfg = Release|Any CPU
		{8CAF89FE-7DEB-441D-980E-EEF330B7192B}.Release|Any CPU.Build.0 = Release|Any CPU
	EndGlobalSection
	GlobalSection(SolutionProperties) = preSolution
		HideSolutionNode = FALSE
	EndGlobalSection
	GlobalSection(ExtensibilityGlobals) = postSolution
		SolutionGuid = {FDA12D0D-8A5F-469B-A3BC-43784F0BFDDE}
	EndGlobalSection
EndGlobal
